// !$*UTF8*$!
{
	archiveVersion = 1;
	classes = {
	};
	objectVersion = 77;
	objects = {

/* Begin PBXContainerItemProxy section */
		F62399F02CE73A7B00EA6AD9 /* PBXContainerItemProxy */ = {
			isa = PBXContainerItemProxy;
			containerPortal = F62399D62CE73A7900EA6AD9 /* Project object */;
			proxyType = 1;
			remoteGlobalIDString = F62399DD2CE73A7900EA6AD9;
			remoteInfo = SchoolOfHeroes;
		};
		F62399FA2CE73A7B00EA6AD9 /* PBXContainerItemProxy */ = {
			isa = PBXContainerItemProxy;
			containerPortal = F62399D62CE73A7900EA6AD9 /* Project object */;
			proxyType = 1;
			remoteGlobalIDString = F62399DD2CE73A7900EA6AD9;
			remoteInfo = SchoolOfHeroes;
		};
/* End PBXContainerItemProxy section */

/* Begin PBXFileReference section */
		F62399DE2CE73A7900EA6AD9 /* SchoolOfHeroes.app */ = {isa = PBXFileReference; explicitFileType = wrapper.application; includeInIndex = 0; path = SchoolOfHeroes.app; sourceTree = BUILT_PRODUCTS_DIR; };
		F62399EF2CE73A7B00EA6AD9 /* SchoolOfHeroesTests.xctest */ = {isa = PBXFileReference; explicitFileType = wrapper.cfbundle; includeInIndex = 0; path = SchoolOfHeroesTests.xctest; sourceTree = BUILT_PRODUCTS_DIR; };
		F62399F92CE73A7B00EA6AD9 /* SchoolOfHeroesUITests.xctest */ = {isa = PBXFileReference; explicitFileType = wrapper.cfbundle; includeInIndex = 0; path = SchoolOfHeroesUITests.xctest; sourceTree = BUILT_PRODUCTS_DIR; };
/* End PBXFileReference section */

/* Begin PBXFileSystemSynchronizedRootGroup section */
		F62399E02CE73A7900EA6AD9 /* SchoolOfHeroes */ = {
			isa = PBXFileSystemSynchronizedRootGroup;
			path = SchoolOfHeroes;
			sourceTree = "<group>";
		};
		F62399F22CE73A7B00EA6AD9 /* SchoolOfHeroesTests */ = {
			isa = PBXFileSystemSynchronizedRootGroup;
			path = SchoolOfHeroesTests;
			sourceTree = "<group>";
		};
		F62399FC2CE73A7B00EA6AD9 /* SchoolOfHeroesUITests */ = {
			isa = PBXFileSystemSynchronizedRootGroup;
			path = SchoolOfHeroesUITests;
			sourceTree = "<group>";
		};
/* End PBXFileSystemSynchronizedRootGroup section */

/* Begin PBXFrameworksBuildPhase section */
		F62399DB2CE73A7900EA6AD9 /* Frameworks */ = {
			isa = PBXFrameworksBuildPhase;
			buildActionMask = 2147483647;
			files = (
			);
			runOnlyForDeploymentPostprocessing = 0;
		};
		F62399EC2CE73A7B00EA6AD9 /* Frameworks */ = {
			isa = PBXFrameworksBuildPhase;
			buildActionMask = 2147483647;
			files = (
			);
			runOnlyForDeploymentPostprocessing = 0;
		};
		F62399F62CE73A7B00EA6AD9 /* Frameworks */ = {
			isa = PBXFrameworksBuildPhase;
			buildActionMask = 2147483647;
			files = (
			);
			runOnlyForDeploymentPostprocessing = 0;
		};
/* End PBXFrameworksBuildPhase section */

/* Begin PBXGroup section */
		F62399D52CE73A7900EA6AD9 = {
			isa = PBXGroup;
			children = (
				F62399E02CE73A7900EA6AD9 /* SchoolOfHeroes */,
				F62399F22CE73A7B00EA6AD9 /* SchoolOfHeroesTests */,
				F62399FC2CE73A7B00EA6AD9 /* SchoolOfHeroesUITests */,
				F62399DF2CE73A7900EA6AD9 /* Products */,
			);
			sourceTree = "<group>";
		};
		F62399DF2CE73A7900EA6AD9 /* Products */ = {
			isa = PBXGroup;
			children = (
				F62399DE2CE73A7900EA6AD9 /* SchoolOfHeroes.app */,
				F62399EF2CE73A7B00EA6AD9 /* SchoolOfHeroesTests.xctest */,
				F62399F92CE73A7B00EA6AD9 /* SchoolOfHeroesUITests.xctest */,
			);
			name = Products;
			sourceTree = "<group>";
		};
/* End PBXGroup section */

/* Begin PBXNativeTarget section */
		F62399DD2CE73A7900EA6AD9 /* SchoolOfHeroes */ = {
			isa = PBXNativeTarget;
			buildConfigurationList = F6239A032CE73A7B00EA6AD9 /* Build configuration list for PBXNativeTarget "SchoolOfHeroes" */;
			buildPhases = (
				F62399DA2CE73A7900EA6AD9 /* Sources */,
				F62399DB2CE73A7900EA6AD9 /* Frameworks */,
				F62399DC2CE73A7900EA6AD9 /* Resources */,
			);
			buildRules = (
			);
			dependencies = (
			);
			fileSystemSynchronizedGroups = (
				F62399E02CE73A7900EA6AD9 /* SchoolOfHeroes */,
			);
			name = SchoolOfHeroes;
			packageProductDependencies = (
			);
			productName = SchoolOfHeroes;
			productReference = F62399DE2CE73A7900EA6AD9 /* SchoolOfHeroes.app */;
			productType = "com.apple.product-type.application";
		};
		F62399EE2CE73A7B00EA6AD9 /* SchoolOfHeroesTests */ = {
			isa = PBXNativeTarget;
			buildConfigurationList = F6239A062CE73A7B00EA6AD9 /* Build configuration list for PBXNativeTarget "SchoolOfHeroesTests" */;
			buildPhases = (
				F62399EB2CE73A7B00EA6AD9 /* Sources */,
				F62399EC2CE73A7B00EA6AD9 /* Frameworks */,
				F62399ED2CE73A7B00EA6AD9 /* Resources */,
			);
			buildRules = (
			);
			dependencies = (
				F62399F12CE73A7B00EA6AD9 /* PBXTargetDependency */,
			);
			fileSystemSynchronizedGroups = (
				F62399F22CE73A7B00EA6AD9 /* SchoolOfHeroesTests */,
			);
			name = SchoolOfHeroesTests;
			packageProductDependencies = (
			);
			productName = SchoolOfHeroesTests;
			productReference = F62399EF2CE73A7B00EA6AD9 /* SchoolOfHeroesTests.xctest */;
			productType = "com.apple.product-type.bundle.unit-test";
		};
		F62399F82CE73A7B00EA6AD9 /* SchoolOfHeroesUITests */ = {
			isa = PBXNativeTarget;
			buildConfigurationList = F6239A092CE73A7B00EA6AD9 /* Build configuration list for PBXNativeTarget "SchoolOfHeroesUITests" */;
			buildPhases = (
				F62399F52CE73A7B00EA6AD9 /* Sources */,
				F62399F62CE73A7B00EA6AD9 /* Frameworks */,
				F62399F72CE73A7B00EA6AD9 /* Resources */,
			);
			buildRules = (
			);
			dependencies = (
				F62399FB2CE73A7B00EA6AD9 /* PBXTargetDependency */,
			);
			fileSystemSynchronizedGroups = (
				F62399FC2CE73A7B00EA6AD9 /* SchoolOfHeroesUITests */,
			);
			name = SchoolOfHeroesUITests;
			packageProductDependencies = (
			);
			productName = SchoolOfHeroesUITests;
			productReference = F62399F92CE73A7B00EA6AD9 /* SchoolOfHeroesUITests.xctest */;
			productType = "com.apple.product-type.bundle.ui-testing";
		};
/* End PBXNativeTarget section */

/* Begin PBXProject section */
		F62399D62CE73A7900EA6AD9 /* Project object */ = {
			isa = PBXProject;
			attributes = {
				BuildIndependentTargetsInParallel = 1;
				LastSwiftUpdateCheck = 1610;
				LastUpgradeCheck = 1610;
				TargetAttributes = {
					F62399DD2CE73A7900EA6AD9 = {
						CreatedOnToolsVersion = 16.1;
					};
					F62399EE2CE73A7B00EA6AD9 = {
						CreatedOnToolsVersion = 16.1;
						TestTargetID = F62399DD2CE73A7900EA6AD9;
					};
					F62399F82CE73A7B00EA6AD9 = {
						CreatedOnToolsVersion = 16.1;
						TestTargetID = F62399DD2CE73A7900EA6AD9;
					};
				};
			};
			buildConfigurationList = F62399D92CE73A7900EA6AD9 /* Build configuration list for PBXProject "SchoolOfHeroes" */;
			developmentRegion = en;
			hasScannedForEncodings = 0;
			knownRegions = (
				en,
				Base,
			);
			mainGroup = F62399D52CE73A7900EA6AD9;
			minimizedProjectReferenceProxies = 1;
			preferredProjectObjectVersion = 77;
			productRefGroup = F62399DF2CE73A7900EA6AD9 /* Products */;
			projectDirPath = "";
			projectRoot = "";
			targets = (
				F62399DD2CE73A7900EA6AD9 /* SchoolOfHeroes */,
				F62399EE2CE73A7B00EA6AD9 /* SchoolOfHeroesTests */,
				F62399F82CE73A7B00EA6AD9 /* SchoolOfHeroesUITests */,
			);
		};
/* End PBXProject section */

/* Begin PBXResourcesBuildPhase section */
		F62399DC2CE73A7900EA6AD9 /* Resources */ = {
			isa = PBXResourcesBuildPhase;
			buildActionMask = 2147483647;
			files = (
			);
			runOnlyForDeploymentPostprocessing = 0;
		};
		F62399ED2CE73A7B00EA6AD9 /* Resources */ = {
			isa = PBXResourcesBuildPhase;
			buildActionMask = 2147483647;
			files = (
			);
			runOnlyForDeploymentPostprocessing = 0;
		};
		F62399F72CE73A7B00EA6AD9 /* Resources */ = {
			isa = PBXResourcesBuildPhase;
			buildActionMask = 2147483647;
			files = (
			);
			runOnlyForDeploymentPostprocessing = 0;
		};
/* End PBXResourcesBuildPhase section */

/* Begin PBXSourcesBuildPhase section */
		F62399DA2CE73A7900EA6AD9 /* Sources */ = {
			isa = PBXSourcesBuildPhase;
			buildActionMask = 2147483647;
			files = (
			);
			runOnlyForDeploymentPostprocessing = 0;
		};
		F62399EB2CE73A7B00EA6AD9 /* Sources */ = {
			isa = PBXSourcesBuildPhase;
			buildActionMask = 2147483647;
			files = (
			);
			runOnlyForDeploymentPostprocessing = 0;
		};
		F62399F52CE73A7B00EA6AD9 /* Sources */ = {
			isa = PBXSourcesBuildPhase;
			buildActionMask = 2147483647;
			files = (
			);
			runOnlyForDeploymentPostprocessing = 0;
		};
/* End PBXSourcesBuildPhase section */

/* Begin PBXTargetDependency section */
		F62399F12CE73A7B00EA6AD9 /* PBXTargetDependency */ = {
			isa = PBXTargetDependency;
			target = F62399DD2CE73A7900EA6AD9 /* SchoolOfHeroes */;
			targetProxy = F62399F02CE73A7B00EA6AD9 /* PBXContainerItemProxy */;
		};
		F62399FB2CE73A7B00EA6AD9 /* PBXTargetDependency */ = {
			isa = PBXTargetDependency;
			target = F62399DD2CE73A7900EA6AD9 /* SchoolOfHeroes */;
			targetProxy = F62399FA2CE73A7B00EA6AD9 /* PBXContainerItemProxy */;
		};
/* End PBXTargetDependency section */

/* Begin XCBuildConfiguration section */
		F6239A012CE73A7B00EA6AD9 /* Debug */ = {
			isa = XCBuildConfiguration;
			buildSettings = {
				ALWAYS_SEARCH_USER_PATHS = NO;
				ASSETCATALOG_COMPILER_GENERATE_SWIFT_ASSET_SYMBOL_EXTENSIONS = YES;
				CLANG_ANALYZER_NONNULL = YES;
				CLANG_ANALYZER_NUMBER_OBJECT_CONVERSION = YES_AGGRESSIVE;
				CLANG_CXX_LANGUAGE_STANDARD = "gnu++20";
				CLANG_ENABLE_MODULES = YES;
				CLANG_ENABLE_OBJC_ARC = YES;
				CLANG_ENABLE_OBJC_WEAK = YES;
				CLANG_WARN_BLOCK_CAPTURE_AUTORELEASING = YES;
				CLANG_WARN_BOOL_CONVERSION = YES;
				CLANG_WARN_COMMA = YES;
				CLANG_WARN_CONSTANT_CONVERSION = YES;
				CLANG_WARN_DEPRECATED_OBJC_IMPLEMENTATIONS = YES;
				CLANG_WARN_DIRECT_OBJC_ISA_USAGE = YES_ERROR;
				CLANG_WARN_DOCUMENTATION_COMMENTS = YES;
				CLANG_WARN_EMPTY_BODY = YES;
				CLANG_WARN_ENUM_CONVERSION = YES;
				CLANG_WARN_INFINITE_RECURSION = YES;
				CLANG_WARN_INT_CONVERSION = YES;
				CLANG_WARN_NON_LITERAL_NULL_CONVERSION = YES;
				CLANG_WARN_OBJC_IMPLICIT_RETAIN_SELF = YES;
				CLANG_WARN_OBJC_LITERAL_CONVERSION = YES;
				CLANG_WARN_OBJC_ROOT_CLASS = YES_ERROR;
				CLANG_WARN_QUOTED_INCLUDE_IN_FRAMEWORK_HEADER = YES;
				CLANG_WARN_RANGE_LOOP_ANALYSIS = YES;
				CLANG_WARN_STRICT_PROTOTYPES = YES;
				CLANG_WARN_SUSPICIOUS_MOVE = YES;
				CLANG_WARN_UNGUARDED_AVAILABILITY = YES_AGGRESSIVE;
				CLANG_WARN_UNREACHABLE_CODE = YES;
				CLANG_WARN__DUPLICATE_METHOD_MATCH = YES;
				COPY_PHASE_STRIP = NO;
				DEBUG_INFORMATION_FORMAT = dwarf;
				ENABLE_STRICT_OBJC_MSGSEND = YES;
				ENABLE_TESTABILITY = YES;
				ENABLE_USER_SCRIPT_SANDBOXING = YES;
				GCC_C_LANGUAGE_STANDARD = gnu17;
				GCC_DYNAMIC_NO_PIC = NO;
				GCC_NO_COMMON_BLOCKS = YES;
				GCC_OPTIMIZATION_LEVEL = 0;
				GCC_PREPROCESSOR_DEFINITIONS = (
					"DEBUG=1",
					"$(inherited)",
				);
				GCC_WARN_64_TO_32_BIT_CONVERSION = YES;
				GCC_WARN_ABOUT_RETURN_TYPE = YES_ERROR;
				GCC_WARN_UNDECLARED_SELECTOR = YES;
				GCC_WARN_UNINITIALIZED_AUTOS = YES_AGGRESSIVE;
				GCC_WARN_UNUSED_FUNCTION = YES;
				GCC_WARN_UNUSED_VARIABLE = YES;
				LOCALIZATION_PREFERS_STRING_CATALOGS = YES;
				MTL_ENABLE_DEBUG_INFO = INCLUDE_SOURCE;
				MTL_FAST_MATH = YES;
				ONLY_ACTIVE_ARCH = YES;
				SWIFT_ACTIVE_COMPILATION_CONDITIONS = "DEBUG $(inherited)";
				SWIFT_OPTIMIZATION_LEVEL = "-Onone";
			};
			name = Debug;
		};
		F6239A022CE73A7B00EA6AD9 /* Release */ = {
			isa = XCBuildConfiguration;
			buildSettings = {
				ALWAYS_SEARCH_USER_PATHS = NO;
				ASSETCATALOG_COMPILER_GENERATE_SWIFT_ASSET_SYMBOL_EXTENSIONS = YES;
				CLANG_ANALYZER_NONNULL = YES;
				CLANG_ANALYZER_NUMBER_OBJECT_CONVERSION = YES_AGGRESSIVE;
				CLANG_CXX_LANGUAGE_STANDARD = "gnu++20";
				CLANG_ENABLE_MODULES = YES;
				CLANG_ENABLE_OBJC_ARC = YES;
				CLANG_ENABLE_OBJC_WEAK = YES;
				CLANG_WARN_BLOCK_CAPTURE_AUTORELEASING = YES;
				CLANG_WARN_BOOL_CONVERSION = YES;
				CLANG_WARN_COMMA = YES;
				CLANG_WARN_CONSTANT_CONVERSION = YES;
				CLANG_WARN_DEPRECATED_OBJC_IMPLEMENTATIONS = YES;
				CLANG_WARN_DIRECT_OBJC_ISA_USAGE = YES_ERROR;
				CLANG_WARN_DOCUMENTATION_COMMENTS = YES;
				CLANG_WARN_EMPTY_BODY = YES;
				CLANG_WARN_ENUM_CONVERSION = YES;
				CLANG_WARN_INFINITE_RECURSION = YES;
				CLANG_WARN_INT_CONVERSION = YES;
				CLANG_WARN_NON_LITERAL_NULL_CONVERSION = YES;
				CLANG_WARN_OBJC_IMPLICIT_RETAIN_SELF = YES;
				CLANG_WARN_OBJC_LITERAL_CONVERSION = YES;
				CLANG_WARN_OBJC_ROOT_CLASS = YES_ERROR;
				CLANG_WARN_QUOTED_INCLUDE_IN_FRAMEWORK_HEADER = YES;
				CLANG_WARN_RANGE_LOOP_ANALYSIS = YES;
				CLANG_WARN_STRICT_PROTOTYPES = YES;
				CLANG_WARN_SUSPICIOUS_MOVE = YES;
				CLANG_WARN_UNGUARDED_AVAILABILITY = YES_AGGRESSIVE;
				CLANG_WARN_UNREACHABLE_CODE = YES;
				CLANG_WARN__DUPLICATE_METHOD_MATCH = YES;
				COPY_PHASE_STRIP = NO;
				DEBUG_INFORMATION_FORMAT = "dwarf-with-dsym";
				ENABLE_NS_ASSERTIONS = NO;
				ENABLE_STRICT_OBJC_MSGSEND = YES;
				ENABLE_USER_SCRIPT_SANDBOXING = YES;
				GCC_C_LANGUAGE_STANDARD = gnu17;
				GCC_NO_COMMON_BLOCKS = YES;
				GCC_WARN_64_TO_32_BIT_CONVERSION = YES;
				GCC_WARN_ABOUT_RETURN_TYPE = YES_ERROR;
				GCC_WARN_UNDECLARED_SELECTOR = YES;
				GCC_WARN_UNINITIALIZED_AUTOS = YES_AGGRESSIVE;
				GCC_WARN_UNUSED_FUNCTION = YES;
				GCC_WARN_UNUSED_VARIABLE = YES;
				LOCALIZATION_PREFERS_STRING_CATALOGS = YES;
				MTL_ENABLE_DEBUG_INFO = NO;
				MTL_FAST_MATH = YES;
				SWIFT_COMPILATION_MODE = wholemodule;
			};
			name = Release;
		};
		F6239A042CE73A7B00EA6AD9 /* Debug */ = {
			isa = XCBuildConfiguration;
			buildSettings = {
				ASSETCATALOG_COMPILER_APPICON_NAME = AppIcon;
				ASSETCATALOG_COMPILER_GLOBAL_ACCENT_COLOR_NAME = AccentColor;
				CODE_SIGN_ENTITLEMENTS = SchoolOfHeroes/SchoolOfHeroes.entitlements;
				CODE_SIGN_STYLE = Automatic;
				CURRENT_PROJECT_VERSION = 1;
				DEVELOPMENT_ASSET_PATHS = "\"SchoolOfHeroes/Preview Content\"";
				ENABLE_PREVIEWS = YES;
				GENERATE_INFOPLIST_FILE = YES;
				"INFOPLIST_KEY_UIApplicationSceneManifest_Generation[sdk=iphoneos*]" = YES;
				"INFOPLIST_KEY_UIApplicationSceneManifest_Generation[sdk=iphonesimulator*]" = YES;
				"INFOPLIST_KEY_UIApplicationSupportsIndirectInputEvents[sdk=iphoneos*]" = YES;
				"INFOPLIST_KEY_UIApplicationSupportsIndirectInputEvents[sdk=iphonesimulator*]" = YES;
				"INFOPLIST_KEY_UILaunchScreen_Generation[sdk=iphoneos*]" = YES;
				"INFOPLIST_KEY_UILaunchScreen_Generation[sdk=iphonesimulator*]" = YES;
				"INFOPLIST_KEY_UIStatusBarStyle[sdk=iphoneos*]" = UIStatusBarStyleDefault;
				"INFOPLIST_KEY_UIStatusBarStyle[sdk=iphonesimulator*]" = UIStatusBarStyleDefault;
				INFOPLIST_KEY_UISupportedInterfaceOrientations_iPad = "UIInterfaceOrientationPortrait UIInterfaceOrientationPortraitUpsideDown UIInterfaceOrientationLandscapeLeft UIInterfaceOrientationLandscapeRight";
				INFOPLIST_KEY_UISupportedInterfaceOrientations_iPhone = "UIInterfaceOrientationPortrait UIInterfaceOrientationLandscapeLeft UIInterfaceOrientationLandscapeRight";
				IPHONEOS_DEPLOYMENT_TARGET = 18.1;
				LD_RUNPATH_SEARCH_PATHS = "@executable_path/Frameworks";
				"LD_RUNPATH_SEARCH_PATHS[sdk=macosx*]" = "@executable_path/../Frameworks";
				MACOSX_DEPLOYMENT_TARGET = 15.0;
				MARKETING_VERSION = 1.0;
				PRODUCT_BUNDLE_IDENTIFIER = com.andriipikus.SchoolOfHeroes.SchoolOfHeroes;
				PRODUCT_NAME = "$(TARGET_NAME)";
				SDKROOT = auto;
				SUPPORTED_PLATFORMS = "iphoneos iphonesimulator macosx xros xrsimulator";
				SWIFT_EMIT_LOC_STRINGS = YES;
				SWIFT_VERSION = 5.0;
				TARGETED_DEVICE_FAMILY = "1,2,7";
				XROS_DEPLOYMENT_TARGET = 2.1;
			};
			name = Debug;
		};
		F6239A052CE73A7B00EA6AD9 /* Release */ = {
			isa = XCBuildConfiguration;
			buildSettings = {
				ASSETCATALOG_COMPILER_APPICON_NAME = AppIcon;
				ASSETCATALOG_COMPILER_GLOBAL_ACCENT_COLOR_NAME = AccentColor;
				CODE_SIGN_ENTITLEMENTS = SchoolOfHeroes/SchoolOfHeroes.entitlements;
				CODE_SIGN_STYLE = Automatic;
				CURRENT_PROJECT_VERSION = 1;
				DEVELOPMENT_ASSET_PATHS = "\"SchoolOfHeroes/Preview Content\"";
				ENABLE_PREVIEWS = YES;
				GENERATE_INFOPLIST_FILE = YES;
				"INFOPLIST_KEY_UIApplicationSceneManifest_Generation[sdk=iphoneos*]" = YES;
				"INFOPLIST_KEY_UIApplicationSceneManifest_Generation[sdk=iphonesimulator*]" = YES;
				"INFOPLIST_KEY_UIApplicationSupportsIndirectInputEvents[sdk=iphoneos*]" = YES;
				"INFOPLIST_KEY_UIApplicationSupportsIndirectInputEvents[sdk=iphonesimulator*]" = YES;
				"INFOPLIST_KEY_UILaunchScreen_Generation[sdk=iphoneos*]" = YES;
				"INFOPLIST_KEY_UILaunchScreen_Generation[sdk=iphonesimulator*]" = YES;
				"INFOPLIST_KEY_UIStatusBarStyle[sdk=iphoneos*]" = UIStatusBarStyleDefault;
				"INFOPLIST_KEY_UIStatusBarStyle[sdk=iphonesimulator*]" = UIStatusBarStyleDefault;
				INFOPLIST_KEY_UISupportedInterfaceOrientations_iPad = "UIInterfaceOrientationPortrait UIInterfaceOrientationPortraitUpsideDown UIInterfaceOrientationLandscapeLeft UIInterfaceOrientationLandscapeRight";
				INFOPLIST_KEY_UISupportedInterfaceOrientations_iPhone = "UIInterfaceOrientationPortrait UIInterfaceOrientationLandscapeLeft UIInterfaceOrientationLandscapeRight";
				IPHONEOS_DEPLOYMENT_TARGET = 18.1;
				LD_RUNPATH_SEARCH_PATHS = "@executable_path/Frameworks";
				"LD_RUNPATH_SEARCH_PATHS[sdk=macosx*]" = "@executable_path/../Frameworks";
				MACOSX_DEPLOYMENT_TARGET = 15.0;
				MARKETING_VERSION = 1.0;
				PRODUCT_BUNDLE_IDENTIFIER = com.andriipikus.SchoolOfHeroes.SchoolOfHeroes;
				PRODUCT_NAME = "$(TARGET_NAME)";
				SDKROOT = auto;
				SUPPORTED_PLATFORMS = "iphoneos iphonesimulator macosx xros xrsimulator";
				SWIFT_EMIT_LOC_STRINGS = YES;
				SWIFT_VERSION = 5.0;
				TARGETED_DEVICE_FAMILY = "1,2,7";
				XROS_DEPLOYMENT_TARGET = 2.1;
			};
			name = Release;
		};
		F6239A072CE73A7B00EA6AD9 /* Debug */ = {
			isa = XCBuildConfiguration;
			buildSettings = {
				BUNDLE_LOADER = "$(TEST_HOST)";
				CODE_SIGN_STYLE = Automatic;
				CURRENT_PROJECT_VERSION = 1;
				GENERATE_INFOPLIST_FILE = YES;
				IPHONEOS_DEPLOYMENT_TARGET = 18.1;
				MACOSX_DEPLOYMENT_TARGET = 15.0;
				MARKETING_VERSION = 1.0;
				PRODUCT_BUNDLE_IDENTIFIER = com.andriipikus.SchoolOfHeroes.SchoolOfHeroesTests;
				PRODUCT_NAME = "$(TARGET_NAME)";
				SDKROOT = auto;
				SUPPORTED_PLATFORMS = "iphoneos iphonesimulator macosx xros xrsimulator";
				SWIFT_EMIT_LOC_STRINGS = NO;
				SWIFT_VERSION = 5.0;
				TARGETED_DEVICE_FAMILY = "1,2,7";
				TEST_HOST = "$(BUILT_PRODUCTS_DIR)/SchoolOfHeroes.app/$(BUNDLE_EXECUTABLE_FOLDER_PATH)/SchoolOfHeroes";
				XROS_DEPLOYMENT_TARGET = 2.1;
			};
			name = Debug;
		};
		F6239A082CE73A7B00EA6AD9 /* Release */ = {
			isa = XCBuildConfiguration;
			buildSettings = {
				BUNDLE_LOADER = "$(TEST_HOST)";
				CODE_SIGN_STYLE = Automatic;
				CURRENT_PROJECT_VERSION = 1;
				GENERATE_INFOPLIST_FILE = YES;
				IPHONEOS_DEPLOYMENT_TARGET = 18.1;
				MACOSX_DEPLOYMENT_TARGET = 15.0;
				MARKETING_VERSION = 1.0;
				PRODUCT_BUNDLE_IDENTIFIER = com.andriipikus.SchoolOfHeroes.SchoolOfHeroesTests;
				PRODUCT_NAME = "$(TARGET_NAME)";
				SDKROOT = auto;
				SUPPORTED_PLATFORMS = "iphoneos iphonesimulator macosx xros xrsimulator";
				SWIFT_EMIT_LOC_STRINGS = NO;
				SWIFT_VERSION = 5.0;
				TARGETED_DEVICE_FAMILY = "1,2,7";
				TEST_HOST = "$(BUILT_PRODUCTS_DIR)/SchoolOfHeroes.app/$(BUNDLE_EXECUTABLE_FOLDER_PATH)/SchoolOfHeroes";
				XROS_DEPLOYMENT_TARGET = 2.1;
			};
			name = Release;
		};
		F6239A0A2CE73A7B00EA6AD9 /* Debug */ = {
			isa = XCBuildConfiguration;
			buildSettings = {
				CODE_SIGN_STYLE = Automatic;
				CURRENT_PROJECT_VERSION = 1;
				GENERATE_INFOPLIST_FILE = YES;
				IPHONEOS_DEPLOYMENT_TARGET = 18.1;
				MACOSX_DEPLOYMENT_TARGET = 15.0;
				MARKETING_VERSION = 1.0;
				PRODUCT_BUNDLE_IDENTIFIER = com.andriipikus.SchoolOfHeroes.SchoolOfHeroesUITests;
				PRODUCT_NAME = "$(TARGET_NAME)";
				SDKROOT = auto;
				SUPPORTED_PLATFORMS = "iphoneos iphonesimulator macosx xros xrsimulator";
				SWIFT_EMIT_LOC_STRINGS = NO;
				SWIFT_VERSION = 5.0;
				TARGETED_DEVICE_FAMILY = "1,2,7";
				TEST_TARGET_NAME = SchoolOfHeroes;
				XROS_DEPLOYMENT_TARGET = 2.1;
			};
			name = Debug;
		};
		F6239A0B2CE73A7B00EA6AD9 /* Release */ = {
			isa = XCBuildConfiguration;
			buildSettings = {
				CODE_SIGN_STYLE = Automatic;
				CURRENT_PROJECT_VERSION = 1;
				GENERATE_INFOPLIST_FILE = YES;
				IPHONEOS_DEPLOYMENT_TARGET = 18.1;
				MACOSX_DEPLOYMENT_TARGET = 15.0;
				MARKETING_VERSION = 1.0;
				PRODUCT_BUNDLE_IDENTIFIER = com.andriipikus.SchoolOfHeroes.SchoolOfHeroesUITests;
				PRODUCT_NAME = "$(TARGET_NAME)";
				SDKROOT = auto;
				SUPPORTED_PLATFORMS = "iphoneos iphonesimulator macosx xros xrsimulator";
				SWIFT_EMIT_LOC_STRINGS = NO;
				SWIFT_VERSION = 5.0;
				TARGETED_DEVICE_FAMILY = "1,2,7";
				TEST_TARGET_NAME = SchoolOfHeroes;
				XROS_DEPLOYMENT_TARGET = 2.1;
			};
			name = Release;
		};
/* End XCBuildConfiguration section */

/* Begin XCConfigurationList section */
		F62399D92CE73A7900EA6AD9 /* Build configuration list for PBXProject "SchoolOfHeroes" */ = {
			isa = XCConfigurationList;
			buildConfigurations = (
				F6239A012CE73A7B00EA6AD9 /* Debug */,
				F6239A022CE73A7B00EA6AD9 /* Release */,
			);
			defaultConfigurationIsVisible = 0;
			defaultConfigurationName = Release;
		};
		F6239A032CE73A7B00EA6AD9 /* Build configuration list for PBXNativeTarget "SchoolOfHeroes" */ = {
			isa = XCConfigurationList;
			buildConfigurations = (
				F6239A042CE73A7B00EA6AD9 /* Debug */,
				F6239A052CE73A7B00EA6AD9 /* Release */,
			);
			defaultConfigurationIsVisible = 0;
			defaultConfigurationName = Release;
		};
		F6239A062CE73A7B00EA6AD9 /* Build configuration list for PBXNativeTarget "SchoolOfHeroesTests" */ = {
			isa = XCConfigurationList;
			buildConfigurations = (
				F6239A072CE73A7B00EA6AD9 /* Debug */,
				F6239A082CE73A7B00EA6AD9 /* Release */,
			);
			defaultConfigurationIsVisible = 0;
			defaultConfigurationName = Release;
		};
		F6239A092CE73A7B00EA6AD9 /* Build configuration list for PBXNativeTarget "SchoolOfHeroesUITests" */ = {
			isa = XCConfigurationList;
			buildConfigurations = (
				F6239A0A2CE73A7B00EA6AD9 /* Debug */,
				F6239A0B2CE73A7B00EA6AD9 /* Release */,
			);
			defaultConfigurationIsVisible = 0;
			defaultConfigurationName = Release;
		};
/* End XCConfigurationList section */
	};
	rootObject = F62399D62CE73A7900EA6AD9 /* Project object */;
}
